
Microsoft Visual Studio Solution File, Format Version 12.00
# Visual Studio Version 17
VisualStudioVersion = 17.3.32929.385
MinimumVisualStudioVersion = 10.0.40219.1
Project("{FAE04EC0-301F-11D3-BF4B-00C04F79EFBC}") = "ERDMlibrary", "ERDMlibrary\ERDMlibrary.csproj", "{0CCF0002-AADE-4831-A291-A4293355C6F4}"
EndProject
Global
	GlobalSection(SolutionConfigurationPlatforms) = preSolution
		Debug|Any CPU = Debug|Any CPU
		Release|Any CPU = Release|Any CPU
	EndGlobalSection
	GlobalSection(ProjectConfigurationPlatforms) = postSolution
		{0CCF0002-AADE-4831-A291-A4293355C6F4}.Debug|Any CPU.ActiveCfg = Debug|Any CPU
		{0CCF0002-AADE-4831-A291-A4293355C6F4}.Debug|Any CPU.Build.0 = Debug|Any CPU
		{0CCF0002-AADE-4831-A291-A4293355C6F4}.Release|Any CPU.ActiveCfg = Release|Any CPU
		{0CCF0002-AADE-4831-A291-A4293355C6F4}.Release|Any CPU.Build.0 = Release|Any CPU
	EndGlobalSection
	GlobalSection(SolutionProperties) = preSolution
		HideSolutionNode = FALSE
	EndGlobalSection
	GlobalSection(ExtensibilityGlobals) = postSolution
		SolutionGuid = {6C0FCFFC-DE3D-4E43-9167-F79C832060F8}
	EndGlobalSection
EndGlobal
